Microsoft Visual Studio Solution File, Format Version 12.00
# Visual Studio Version 17
VisualStudioVersion = 17.5.2.0
MinimumVisualStudioVersion = 10.0.40219.1
Project("{FAE04EC0-301F-11D3-BF4B-00C04F79EFBC}") = "SilExplr2", "SilExplr2.csproj", "{7FA1A266-8C47-F195-347C-CD99007CB8A6}"
EndProject
Global
	GlobalSection(SolutionConfigurationPlatforms) = preSolution
		Debug|Any CPU = Debug|Any CPU
		Release|Any CPU = Release|Any CPU
	EndGlobalSection
	GlobalSection(ProjectConfigurationPlatforms) = postSolution
		{7FA1A266-8C47-F195-347C-CD99007CB8A6}.Debug|Any CPU.ActiveCfg = Debug|Any CPU
		{7FA1A266-8C47-F195-347C-CD99007CB8A6}.Debug|Any CPU.Build.0 = Debug|Any CPU
		{7FA1A266-8C47-F195-347C-CD99007CB8A6}.Release|Any CPU.ActiveCfg = Release|Any CPU
		{7FA1A266-8C47-F195-347C-CD99007CB8A6}.Release|Any CPU.Build.0 = Release|Any CPU
	EndGlobalSection
	GlobalSection(SolutionProperties) = preSolution
		HideSolutionNode = FALSE
	EndGlobalSection
	GlobalSection(ExtensibilityGlobals) = postSolution
		SolutionGuid = {173AC61E-2E98-45A8-9FD8-CDC91C464687}
	EndGlobalSection
EndGlobal
